
Microsoft Visual Studio Solution File, Format Version 12.00
# Visual Studio 14
VisualStudioVersion = 14.0.25420.1
MinimumVisualStudioVersion = 10.0.40219.1
Project("{FAE04EC0-301F-11D3-BF4B-00C04F79EFBC}") = "AskDanny", "AskDanny\AskDanny.csproj", "{A48947FE-37FD-43D7-AC94-28CF09CC8A87}"
EndProject
Project("{FAE04EC0-301F-11D3-BF4B-00C04F79EFBC}") = "SearchEngine", "SearchEngine\SearchEngine.csproj", "{1DCB5849-874C-4C00-99FF-07A2159B79C1}"
EndProject
Project("{FAE04EC0-301F-11D3-BF4B-00C04F79EFBC}") = "AskDannyTests", "AskDannyTests\AskDannyTests.csproj", "{A71566F6-ECE6-42E3-89C9-38B19F0C23C8}"
EndProject
Project("{FAE04EC0-301F-11D3-BF4B-00C04F79EFBC}") = "FileManagement", "FileManagement\FileManagement.csproj", "{1D462B08-2BCB-4434-ADE5-4FA3061EE6A7}"
EndProject
Project("{FAE04EC0-301F-11D3-BF4B-00C04F79EFBC}") = "JsonManagement", "JsonManager\JsonManagement.csproj", "{DAFB1C4E-FC8B-47D7-8CFB-1F04C2C1554D}"
EndProject
Global
	GlobalSection(SolutionConfigurationPlatforms) = preSolution
		Debug|Any CPU = Debug|Any CPU
		Release|Any CPU = Release|Any CPU
	EndGlobalSection
	GlobalSection(ProjectConfigurationPlatforms) = postSolution
		{A48947FE-37FD-43D7-AC94-28CF09CC8A87}.Debug|Any CPU.ActiveCfg = Debug|Any CPU
		{A48947FE-37FD-43D7-AC94-28CF09CC8A87}.Debug|Any CPU.Build.0 = Debug|Any CPU
		{A48947FE-37FD-43D7-AC94-28CF09CC8A87}.Release|Any CPU.ActiveCfg = Release|Any CPU
		{A48947FE-37FD-43D7-AC94-28CF09CC8A87}.Release|Any CPU.Build.0 = Release|Any CPU
		{1DCB5849-874C-4C00-99FF-07A2159B79C1}.Debug|Any CPU.ActiveCfg = Debug|Any CPU
		{1DCB5849-874C-4C00-99FF-07A2159B79C1}.Debug|Any CPU.Build.0 = Debug|Any CPU
		{1DCB5849-874C-4C00-99FF-07A2159B79C1}.Release|Any CPU.ActiveCfg = Release|Any CPU
		{1DCB5849-874C-4C00-99FF-07A2159B79C1}.Release|Any CPU.Build.0 = Release|Any CPU
		{A71566F6-ECE6-42E3-89C9-38B19F0C23C8}.Debug|Any CPU.ActiveCfg = Debug|Any CPU
		{A71566F6-ECE6-42E3-89C9-38B19F0C23C8}.Debug|Any CPU.Build.0 = Debug|Any CPU
		{A71566F6-ECE6-42E3-89C9-38B19F0C23C8}.Release|Any CPU.ActiveCfg = Release|Any CPU
		{A71566F6-ECE6-42E3-89C9-38B19F0C23C8}.Release|Any CPU.Build.0 = Release|Any CPU
		{1D462B08-2BCB-4434-ADE5-4FA3061EE6A7}.Debug|Any CPU.ActiveCfg = Debug|Any CPU
		{1D462B08-2BCB-4434-ADE5-4FA3061EE6A7}.Debug|Any CPU.Build.0 = Debug|Any CPU
		{1D462B08-2BCB-4434-ADE5-4FA3061EE6A7}.Release|Any CPU.ActiveCfg = Release|Any CPU
		{1D462B08-2BCB-4434-ADE5-4FA3061EE6A7}.Release|Any CPU.Build.0 = Release|Any CPU
		{DAFB1C4E-FC8B-47D7-8CFB-1F04C2C1554D}.Debug|Any CPU.ActiveCfg = Debug|Any CPU
		{DAFB1C4E-FC8B-47D7-8CFB-1F04C2C1554D}.Debug|Any CPU.Build.0 = Debug|Any CPU
		{DAFB1C4E-FC8B-47D7-8CFB-1F04C2C1554D}.Release|Any CPU.ActiveCfg = Release|Any CPU
		{DAFB1C4E-FC8B-47D7-8CFB-1F04C2C1554D}.Release|Any CPU.Build.0 = Release|Any CPU
	EndGlobalSection
	GlobalSection(SolutionProperties) = preSolution
		HideSolutionNode = FALSE
	EndGlobalSection
EndGlobal
